
Microsoft Visual Studio Solution File, Format Version 12.00
# Visual Studio Version 17
VisualStudioVersion = 17.13.35931.197 d17.13
MinimumVisualStudioVersion = 10.0.40219.1
Project("{FAE04EC0-301F-11D3-BF4B-00C04F79EFBC}") = "ProductsMicroService.API", "ProductsMicroService.API\ProductsMicroService.API.csproj", "{AA35F383-5255-42E8-B3FE-47D15E846459}"
EndProject
Project("{FAE04EC0-301F-11D3-BF4B-00C04F79EFBC}") = "DataAccessLayer", "DataAccessLayer\DataAccessLayer.csproj", "{1D58881A-154C-433F-B3CF-7C8982C366C8}"
EndProject
Project("{FAE04EC0-301F-11D3-BF4B-00C04F79EFBC}") = "BusinessLogicLayer", "BusinessLogicLayer\BusinessLogicLayer.csproj", "{7D1D57A6-46FE-4A40-B814-7A9D2EFF7316}"
EndProject
Global
	GlobalSection(SolutionConfigurationPlatforms) = preSolution
		Debug|Any CPU = Debug|Any CPU
		Release|Any CPU = Release|Any CPU
	EndGlobalSection
	GlobalSection(ProjectConfigurationPlatforms) = postSolution
		{AA35F383-5255-42E8-B3FE-47D15E846459}.Debug|Any CPU.ActiveCfg = Debug|Any CPU
		{AA35F383-5255-42E8-B3FE-47D15E846459}.Debug|Any CPU.Build.0 = Debug|Any CPU
		{AA35F383-5255-42E8-B3FE-47D15E846459}.Release|Any CPU.ActiveCfg = Release|Any CPU
		{AA35F383-5255-42E8-B3FE-47D15E846459}.Release|Any CPU.Build.0 = Release|Any CPU
		{1D58881A-154C-433F-B3CF-7C8982C366C8}.Debug|Any CPU.ActiveCfg = Debug|Any CPU
		{1D58881A-154C-433F-B3CF-7C8982C366C8}.Debug|Any CPU.Build.0 = Debug|Any CPU
		{1D58881A-154C-433F-B3CF-7C8982C366C8}.Release|Any CPU.ActiveCfg = Release|Any CPU
		{1D58881A-154C-433F-B3CF-7C8982C366C8}.Release|Any CPU.Build.0 = Release|Any CPU
		{7D1D57A6-46FE-4A40-B814-7A9D2EFF7316}.Debug|Any CPU.ActiveCfg = Debug|Any CPU
		{7D1D57A6-46FE-4A40-B814-7A9D2EFF7316}.Debug|Any CPU.Build.0 = Debug|Any CPU
		{7D1D57A6-46FE-4A40-B814-7A9D2EFF7316}.Release|Any CPU.ActiveCfg = Release|Any CPU
		{7D1D57A6-46FE-4A40-B814-7A9D2EFF7316}.Release|Any CPU.Build.0 = Release|Any CPU
	EndGlobalSection
	GlobalSection(SolutionProperties) = preSolution
		HideSolutionNode = FALSE
	EndGlobalSection
	GlobalSection(ExtensibilityGlobals) = postSolution
		SolutionGuid = {44C45CEB-BA83-4E42-90D5-64CCF6C72889}
	EndGlobalSection
EndGlobal
